<?xml version="1.0" encoding="utf-8"?>
<Project ToolsVersion="4.0" xmlns="http://schemas.microsoft.com/developer/msbuild/2003">
  <ItemGroup>
    <Filter Include="Source Files">
      <UniqueIdentifier>{4FC737F1-C7A5-4376-A066-2A32D752A2FF}</UniqueIdentifier>
      <Extensions>cpp;c;cc;cxx;def;odl;idl;hpj;bat;asm;asmx</Extensions>
    </Filter>
    <Filter Include="Header Files">
      <UniqueIdentifier>{93995380-89BD-4b04-88EB-625FBE52EBFB}</UniqueIdentifier>
      <Extensions>h;hh;hpp;hxx;hm;inl;inc;xsd</Extensions>
    </Filter>
    <Filter Include="Resource Files">
      <UniqueIdentifier>{67DA6AB6-F800-4c08-8B7A-83BB121AAD01}</UniqueIdentifier>
      <Extensions>rc;ico;cur;bmp;dlg;rc2;rct;bin;rgs;gif;jpg;jpeg;jpe;resx;tiff;tif;png;wav;mfcribbon-ms</Extensions>
    </Filter>
    <Filter Include="Header Files\Objects">
      <UniqueIdentifier>{4074ea4c-9edc-4c76-b455-5ec20fa9c2e8}</UniqueIdentifier>
    </Filter>
    <Filter Include="Source Files\Objects">
      <UniqueIdentifier>{7947ed84-c6aa-43c7-a334-40d448c8fd04}</UniqueIdentifier>
    </Filter>
    <Filter Include="Shader Files">
      <UniqueIdentifier>{152a70fc-51da-412a-ac07-21241466b68e}</UniqueIdentifier>
    </Filter>
    <Filter Include="Header Files\Objects\AbstractObjects">
      <UniqueIdentifier>{980b8442-d75f-4fcf-9844-559835a491b9}</UniqueIdentifier>
    </Filter>
    <Filter Include="Header Files\Objects\PhysicalObjects">
      <UniqueIdentifier>{5603fdcd-38d7-4d83-8ee7-5f4483cc90a8}</UniqueIdentifier>
    </Filter>
    <Filter Include="Source Files\Objects\AbstractObjects">
      <UniqueIdentifier>{d5fca8ef-08ad-4918-97f5-b049033b0544}</UniqueIdentifier>
    </Filter>
    <Filter Include="Source Files\Objects\PhysicalObjects">
      <UniqueIdentifier>{c546f720-58fe-4bfa-a8b3-78921217b8f6}</UniqueIdentifier>
    </Filter>
  </ItemGroup>
  <ItemGroup>
    <ClCompile Include="main.cpp">
      <Filter>Source Files</Filter>
    </ClCompile>
    <ClCompile Include="Global.cpp">
      <Filter>Source Files</Filter>
    </ClCompile>
    <ClCompile Include="Input.cpp">
      <Filter>Source Files</Filter>
    </ClCompile>
    <ClCompile Include="Graphic.cpp">
      <Filter>Source Files</Filter>
    </ClCompile>
    <ClCompile Include="Game.cpp">
      <Filter>Source Files</Filter>
    </ClCompile>
    <ClCompile Include="Menu.cpp">
      <Filter>Source Files</Filter>
    </ClCompile>
    <ClCompile Include="BaseElement.cpp">
      <Filter>Source Files\Objects</Filter>
    </ClCompile>
    <ClCompile Include="AbstractElement.cpp">
      <Filter>Source Files\Objects</Filter>
    </ClCompile>
    <ClCompile Include="PhysicalElement.cpp">
      <Filter>Source Files\Objects</Filter>
    </ClCompile>
    <ClCompile Include="TextureHandler.cpp">
      <Filter>Source Files</Filter>
    </ClCompile>
    <ClCompile Include="NumberCounter.cpp">
      <Filter>Source Files\Objects\AbstractObjects</Filter>
    </ClCompile>
    <ClCompile Include="Camera.cpp">
      <Filter>Source Files\Objects\AbstractObjects</Filter>
    </ClCompile>
    <ClCompile Include="Button.cpp">
      <Filter>Source Files\Objects\AbstractObjects</Filter>
    </ClCompile>
    <ClCompile Include="Bow.cpp">
      <Filter>Source Files\Objects\PhysicalObjects</Filter>
    </ClCompile>
    <ClCompile Include="Human.cpp">
      <Filter>Source Files\Objects\PhysicalObjects</Filter>
    </ClCompile>
    <ClCompile Include="Line.cpp">
      <Filter>Source Files\Objects\AbstractObjects</Filter>
    </ClCompile>
    <ClCompile Include="Target.cpp">
      <Filter>Source Files\Objects\PhysicalObjects</Filter>
    </ClCompile>
  </ItemGroup>
  <ItemGroup>
    <FxCompile Include="shaders\Fragment.hlsl">
      <Filter>Shader Files</Filter>
    </FxCompile>
    <FxCompile Include="shaders\Geometry.hlsl">
      <Filter>Shader Files</Filter>
    </FxCompile>
    <FxCompile Include="shaders\Vertex.hlsl">
      <Filter>Shader Files</Filter>
    </FxCompile>
  </ItemGroup>
  <ItemGroup>
    <None Include="packages.config" />
  </ItemGroup>
  <ItemGroup>
    <ClInclude Include="headers\Game.h">
      <Filter>Header Files</Filter>
    </ClInclude>
    <ClInclude Include="headers\Global.h">
      <Filter>Header Files</Filter>
    </ClInclude>
    <ClInclude Include="headers\Graphic.h">
      <Filter>Header Files</Filter>
    </ClInclude>
    <ClInclude Include="headers\Input.h">
      <Filter>Header Files</Filter>
    </ClInclude>
    <ClInclude Include="headers\Menu.h">
      <Filter>Header Files</Filter>
    </ClInclude>
    <ClInclude Include="headers\elements\BaseElement.h">
      <Filter>Header Files\Objects</Filter>
    </ClInclude>
    <ClInclude Include="headers\elements\PhysicalElement.h">
      <Filter>Header Files\Objects</Filter>
    </ClInclude>
    <ClInclude Include="headers\elements\AbstractElement.h">
      <Filter>Header Files\Objects</Filter>
    </ClInclude>
    <ClInclude Include="headers\elements\NumberCounter.h">
      <Filter>Header Files\Objects\AbstractObjects</Filter>
    </ClInclude>
    <ClInclude Include="headers\TextureHandler.h">
      <Filter>Header Files</Filter>
    </ClInclude>
    <ClInclude Include="headers\elements\Camera.h">
      <Filter>Header Files\Objects\AbstractObjects</Filter>
    </ClInclude>
    <ClInclude Include="headers\elements\Button.h">
      <Filter>Header Files\Objects\AbstractObjects</Filter>
    </ClInclude>
    <ClInclude Include="headers\elements\Bow.h">
      <Filter>Header Files\Objects\PhysicalObjects</Filter>
    </ClInclude>
    <ClInclude Include="headers\elements\Human.h">
      <Filter>Header Files\Objects\PhysicalObjects</Filter>
    </ClInclude>
    <ClInclude Include="headers\elements\Target.h">
      <Filter>Header Files\Objects\PhysicalObjects</Filter>
    </ClInclude>
    <ClInclude Include="headers\elements\Line.h">
      <Filter>Header Files\Objects\AbstractObjects</Filter>
    </ClInclude>
  </ItemGroup>
  <ItemGroup>
    <None Include="packages.config">
      <Filter>Source Files</Filter>
    </None>
  </ItemGroup>
</Project>